// !$*UTF8*$!
{
	archiveVersion = 1;
	classes = {
	};
	objectVersion = 56;
	objects = {

/* Begin PBXBuildFile section */
		FB0F6D1E2AE15B6400B2D0AF /* SelectButton.swift in Sources */ = {isa = PBXBuildFile; fileRef = FB0F6D1D2AE15B6400B2D0AF /* SelectButton.swift */; };
		FB0F6D222AE15BE100B2D0AF /* GameAction.swift in Sources */ = {isa = PBXBuildFile; fileRef = FB0F6D212AE15BE100B2D0AF /* GameAction.swift */; };
		FB0F6D242AE15DFA00B2D0AF /* SCNVector3+Equatable.swift in Sources */ = {isa = PBXBuildFile; fileRef = FB0F6D232AE15DFA00B2D0AF /* SCNVector3+Equatable.swift */; };
		FB0F6D262AE1641300B2D0AF /* BuildButton.swift in Sources */ = {isa = PBXBuildFile; fileRef = FB0F6D252AE1641300B2D0AF /* BuildButton.swift */; };
		FB0F6D2B2AE16CC500B2D0AF /* CDBlock+CoreDataClass.swift in Sources */ = {isa = PBXBuildFile; fileRef = FB0F6D272AE16CC500B2D0AF /* CDBlock+CoreDataClass.swift */; };
		FB0F6D2C2AE16CC500B2D0AF /* CDBlock+CoreDataProperties.swift in Sources */ = {isa = PBXBuildFile; fileRef = FB0F6D282AE16CC500B2D0AF /* CDBlock+CoreDataProperties.swift */; };
		FB0F6D2D2AE16CC500B2D0AF /* CDConstruction+CoreDataClass.swift in Sources */ = {isa = PBXBuildFile; fileRef = FB0F6D292AE16CC500B2D0AF /* CDConstruction+CoreDataClass.swift */; };
		FB0F6D2E2AE16CC500B2D0AF /* CDConstruction+CoreDataProperties.swift in Sources */ = {isa = PBXBuildFile; fileRef = FB0F6D2A2AE16CC500B2D0AF /* CDConstruction+CoreDataProperties.swift */; };
		FB27B6552AD0D17800F90C2B /* BlocksApp.swift in Sources */ = {isa = PBXBuildFile; fileRef = FB27B6542AD0D17800F90C2B /* BlocksApp.swift */; };
		FB27B6592AD0D17900F90C2B /* Assets.xcassets in Resources */ = {isa = PBXBuildFile; fileRef = FB27B6582AD0D17900F90C2B /* Assets.xcassets */; };
		FB27B65C2AD0D17900F90C2B /* Preview Assets.xcassets in Resources */ = {isa = PBXBuildFile; fileRef = FB27B65B2AD0D17900F90C2B /* Preview Assets.xcassets */; };
		FB27B65E2AD0D17900F90C2B /* ConstructionRepository.swift in Sources */ = {isa = PBXBuildFile; fileRef = FB27B65D2AD0D17900F90C2B /* ConstructionRepository.swift */; };
		FB27B6612AD0D17900F90C2B /* Blocks.xcdatamodeld in Sources */ = {isa = PBXBuildFile; fileRef = FB27B65F2AD0D17900F90C2B /* Blocks.xcdatamodeld */; };
		FB4E82182AD356CA002EAF42 /* ARBlocksScene.swift in Sources */ = {isa = PBXBuildFile; fileRef = FB4E82172AD356CA002EAF42 /* ARBlocksScene.swift */; };
		FB4E821A2AD3579C002EAF42 /* GameView.swift in Sources */ = {isa = PBXBuildFile; fileRef = FB4E82192AD3579C002EAF42 /* GameView.swift */; };
		FB7EF4822AE173AA00EAAD4D /* SaveButton.swift in Sources */ = {isa = PBXBuildFile; fileRef = FB7EF4812AE173AA00EAAD4D /* SaveButton.swift */; };
		FBA6AF382AD4E4830052E517 /* GameViewController.swift in Sources */ = {isa = PBXBuildFile; fileRef = FBA6AF372AD4E4830052E517 /* GameViewController.swift */; };
		FBB093A92ADB31CD006F7B9E /* HUDView.swift in Sources */ = {isa = PBXBuildFile; fileRef = FBB093A82ADB31CD006F7B9E /* HUDView.swift */; };
		FBB093AB2ADB32BD006F7B9E /* BlockColorOption.swift in Sources */ = {isa = PBXBuildFile; fileRef = FBB093AA2ADB32BD006F7B9E /* BlockColorOption.swift */; };
		FBD6F1F72ADD968900F189EF /* GameVC+ARSCNOps.swift in Sources */ = {isa = PBXBuildFile; fileRef = FBD6F1F62ADD968900F189EF /* GameVC+ARSCNOps.swift */; };
		FBF25BBA2AE048D20075F8F8 /* AppStartView.swift in Sources */ = {isa = PBXBuildFile; fileRef = FBF25BB92AE048D20075F8F8 /* AppStartView.swift */; };
		FBF25BBD2AE04BE40075F8F8 /* UIPublisher.swift in Sources */ = {isa = PBXBuildFile; fileRef = FBF25BBC2AE04BE40075F8F8 /* UIPublisher.swift */; };
		FBF25BC22AE0635C0075F8F8 /* BlockCreationOptions.swift in Sources */ = {isa = PBXBuildFile; fileRef = FBF25BC12AE0635C0075F8F8 /* BlockCreationOptions.swift */; };
		FBF25BC42AE08C840075F8F8 /* ConstructionData.swift in Sources */ = {isa = PBXBuildFile; fileRef = FBF25BC32AE08C840075F8F8 /* ConstructionData.swift */; };
		FBF25BC72AE08CA70075F8F8 /* BlockModel.swift in Sources */ = {isa = PBXBuildFile; fileRef = FBF25BC62AE08CA70075F8F8 /* BlockModel.swift */; };
		FBF25BCC2AE094B10075F8F8 /* ColorSelector.swift in Sources */ = {isa = PBXBuildFile; fileRef = FBF25BCB2AE094B10075F8F8 /* ColorSelector.swift */; };
		FBF25BD02AE095180075F8F8 /* ColorSelectionButton.swift in Sources */ = {isa = PBXBuildFile; fileRef = FBF25BCF2AE095180075F8F8 /* ColorSelectionButton.swift */; };
		FBF25BD22AE0A3630075F8F8 /* GameVC+GameActions.swift in Sources */ = {isa = PBXBuildFile; fileRef = FBF25BD12AE0A3630075F8F8 /* GameVC+GameActions.swift */; };
		FBF25BD72AE0AE900075F8F8 /* DeleteButton.swift in Sources */ = {isa = PBXBuildFile; fileRef = FBF25BD62AE0AE900075F8F8 /* DeleteButton.swift */; };
/* End PBXBuildFile section */

/* Begin PBXFileReference section */
		FB0F6D1D2AE15B6400B2D0AF /* SelectButton.swift */ = {isa = PBXFileReference; lastKnownFileType = sourcecode.swift; path = SelectButton.swift; sourceTree = "<group>"; };
		FB0F6D212AE15BE100B2D0AF /* GameAction.swift */ = {isa = PBXFileReference; lastKnownFileType = sourcecode.swift; path = GameAction.swift; sourceTree = "<group>"; };
		FB0F6D232AE15DFA00B2D0AF /* SCNVector3+Equatable.swift */ = {isa = PBXFileReference; lastKnownFileType = sourcecode.swift; path = "SCNVector3+Equatable.swift"; sourceTree = "<group>"; };
		FB0F6D252AE1641300B2D0AF /* BuildButton.swift */ = {isa = PBXFileReference; lastKnownFileType = sourcecode.swift; path = BuildButton.swift; sourceTree = "<group>"; };
		FB0F6D272AE16CC500B2D0AF /* CDBlock+CoreDataClass.swift */ = {isa = PBXFileReference; lastKnownFileType = sourcecode.swift; path = "CDBlock+CoreDataClass.swift"; sourceTree = "<group>"; };
		FB0F6D282AE16CC500B2D0AF /* CDBlock+CoreDataProperties.swift */ = {isa = PBXFileReference; lastKnownFileType = sourcecode.swift; path = "CDBlock+CoreDataProperties.swift"; sourceTree = "<group>"; };
		FB0F6D292AE16CC500B2D0AF /* CDConstruction+CoreDataClass.swift */ = {isa = PBXFileReference; lastKnownFileType = sourcecode.swift; path = "CDConstruction+CoreDataClass.swift"; sourceTree = "<group>"; };
		FB0F6D2A2AE16CC500B2D0AF /* CDConstruction+CoreDataProperties.swift */ = {isa = PBXFileReference; lastKnownFileType = sourcecode.swift; path = "CDConstruction+CoreDataProperties.swift"; sourceTree = "<group>"; };
		FB27B6512AD0D17800F90C2B /* Blocks.app */ = {isa = PBXFileReference; explicitFileType = wrapper.application; includeInIndex = 0; path = Blocks.app; sourceTree = BUILT_PRODUCTS_DIR; };
		FB27B6542AD0D17800F90C2B /* BlocksApp.swift */ = {isa = PBXFileReference; lastKnownFileType = sourcecode.swift; path = BlocksApp.swift; sourceTree = "<group>"; };
		FB27B6582AD0D17900F90C2B /* Assets.xcassets */ = {isa = PBXFileReference; lastKnownFileType = folder.assetcatalog; path = Assets.xcassets; sourceTree = "<group>"; };
		FB27B65B2AD0D17900F90C2B /* Preview Assets.xcassets */ = {isa = PBXFileReference; lastKnownFileType = folder.assetcatalog; path = "Preview Assets.xcassets"; sourceTree = "<group>"; };
		FB27B65D2AD0D17900F90C2B /* ConstructionRepository.swift */ = {isa = PBXFileReference; lastKnownFileType = sourcecode.swift; path = ConstructionRepository.swift; sourceTree = "<group>"; };
		FB27B6602AD0D17900F90C2B /* Blocks.xcdatamodel */ = {isa = PBXFileReference; lastKnownFileType = wrapper.xcdatamodel; path = Blocks.xcdatamodel; sourceTree = "<group>"; };
		FB4E82172AD356CA002EAF42 /* ARBlocksScene.swift */ = {isa = PBXFileReference; lastKnownFileType = sourcecode.swift; path = ARBlocksScene.swift; sourceTree = "<group>"; };
		FB4E82192AD3579C002EAF42 /* GameView.swift */ = {isa = PBXFileReference; lastKnownFileType = sourcecode.swift; path = GameView.swift; sourceTree = "<group>"; };
		FB7EF4812AE173AA00EAAD4D /* SaveButton.swift */ = {isa = PBXFileReference; lastKnownFileType = sourcecode.swift; path = SaveButton.swift; sourceTree = "<group>"; };
		FBA6AF372AD4E4830052E517 /* GameViewController.swift */ = {isa = PBXFileReference; lastKnownFileType = sourcecode.swift; path = GameViewController.swift; sourceTree = "<group>"; };
		FBB093A82ADB31CD006F7B9E /* HUDView.swift */ = {isa = PBXFileReference; lastKnownFileType = sourcecode.swift; path = HUDView.swift; sourceTree = "<group>"; };
		FBB093AA2ADB32BD006F7B9E /* BlockColorOption.swift */ = {isa = PBXFileReference; lastKnownFileType = sourcecode.swift; path = BlockColorOption.swift; sourceTree = "<group>"; };
		FBD6F1F62ADD968900F189EF /* GameVC+ARSCNOps.swift */ = {isa = PBXFileReference; lastKnownFileType = sourcecode.swift; path = "GameVC+ARSCNOps.swift"; sourceTree = "<group>"; };
		FBF25BB92AE048D20075F8F8 /* AppStartView.swift */ = {isa = PBXFileReference; lastKnownFileType = sourcecode.swift; path = AppStartView.swift; sourceTree = "<group>"; };
		FBF25BBC2AE04BE40075F8F8 /* UIPublisher.swift */ = {isa = PBXFileReference; lastKnownFileType = sourcecode.swift; path = UIPublisher.swift; sourceTree = "<group>"; };
		FBF25BC12AE0635C0075F8F8 /* BlockCreationOptions.swift */ = {isa = PBXFileReference; lastKnownFileType = sourcecode.swift; path = BlockCreationOptions.swift; sourceTree = "<group>"; };
		FBF25BC32AE08C840075F8F8 /* ConstructionData.swift */ = {isa = PBXFileReference; lastKnownFileType = sourcecode.swift; path = ConstructionData.swift; sourceTree = "<group>"; };
		FBF25BC62AE08CA70075F8F8 /* BlockModel.swift */ = {isa = PBXFileReference; lastKnownFileType = sourcecode.swift; path = BlockModel.swift; sourceTree = "<group>"; };
		FBF25BCB2AE094B10075F8F8 /* ColorSelector.swift */ = {isa = PBXFileReference; lastKnownFileType = sourcecode.swift; path = ColorSelector.swift; sourceTree = "<group>"; };
		FBF25BCF2AE095180075F8F8 /* ColorSelectionButton.swift */ = {isa = PBXFileReference; lastKnownFileType = sourcecode.swift; path = ColorSelectionButton.swift; sourceTree = "<group>"; };
		FBF25BD12AE0A3630075F8F8 /* GameVC+GameActions.swift */ = {isa = PBXFileReference; lastKnownFileType = sourcecode.swift; path = "GameVC+GameActions.swift"; sourceTree = "<group>"; };
		FBF25BD62AE0AE900075F8F8 /* DeleteButton.swift */ = {isa = PBXFileReference; lastKnownFileType = sourcecode.swift; path = DeleteButton.swift; sourceTree = "<group>"; };
/* End PBXFileReference section */

/* Begin PBXFrameworksBuildPhase section */
		FB27B64E2AD0D17800F90C2B /* Frameworks */ = {
			isa = PBXFrameworksBuildPhase;
			buildActionMask = 2147483647;
			files = (
			);
			runOnlyForDeploymentPostprocessing = 0;
		};
/* End PBXFrameworksBuildPhase section */

/* Begin PBXGroup section */
		FB0F6D202AE15BCC00B2D0AF /* Shared */ = {
			isa = PBXGroup;
			children = (
				FB0F6D212AE15BE100B2D0AF /* GameAction.swift */,
				FBB093AA2ADB32BD006F7B9E /* BlockColorOption.swift */,
				FBF25BC12AE0635C0075F8F8 /* BlockCreationOptions.swift */,
				FB0F6D232AE15DFA00B2D0AF /* SCNVector3+Equatable.swift */,
			);
			path = Shared;
			sourceTree = "<group>";
		};
		FB0F6D2F2AE16CD200B2D0AF /* CDObjects */ = {
			isa = PBXGroup;
			children = (
				FB0F6D272AE16CC500B2D0AF /* CDBlock+CoreDataClass.swift */,
				FB0F6D282AE16CC500B2D0AF /* CDBlock+CoreDataProperties.swift */,
				FB0F6D292AE16CC500B2D0AF /* CDConstruction+CoreDataClass.swift */,
				FB0F6D2A2AE16CC500B2D0AF /* CDConstruction+CoreDataProperties.swift */,
			);
			path = CDObjects;
			sourceTree = "<group>";
		};
		FB27B6482AD0D17800F90C2B = {
			isa = PBXGroup;
			children = (
				FB27B6532AD0D17800F90C2B /* Blocks */,
				FB27B6522AD0D17800F90C2B /* Products */,
			);
			sourceTree = "<group>";
		};
		FB27B6522AD0D17800F90C2B /* Products */ = {
			isa = PBXGroup;
			children = (
				FB27B6512AD0D17800F90C2B /* Blocks.app */,
			);
			name = Products;
			sourceTree = "<group>";
		};
		FB27B6532AD0D17800F90C2B /* Blocks */ = {
			isa = PBXGroup;
			children = (
				FB27B6542AD0D17800F90C2B /* BlocksApp.swift */,
				FB27B6582AD0D17900F90C2B /* Assets.xcassets */,
				FB0F6D202AE15BCC00B2D0AF /* Shared */,
				FBF25BC52AE08C9E0075F8F8 /* Model */,
				FBF44B312AD582070081BCA8 /* View */,
				FBF44B332AD5825D0081BCA8 /* AR */,
				FBF44B322AD582250081BCA8 /* Database */,
				FB27B65A2AD0D17900F90C2B /* Preview Content */,
			);
			path = Blocks;
			sourceTree = "<group>";
		};
		FB27B65A2AD0D17900F90C2B /* Preview Content */ = {
			isa = PBXGroup;
			children = (
				FB27B65B2AD0D17900F90C2B /* Preview Assets.xcassets */,
			);
			path = "Preview Content";
			sourceTree = "<group>";
		};
		FB7EF4802AE1738500EAAD4D /* Buttons */ = {
			isa = PBXGroup;
			children = (
				FBF25BCF2AE095180075F8F8 /* ColorSelectionButton.swift */,
				FBF25BD62AE0AE900075F8F8 /* DeleteButton.swift */,
				FB0F6D1D2AE15B6400B2D0AF /* SelectButton.swift */,
				FB0F6D252AE1641300B2D0AF /* BuildButton.swift */,
				FB7EF4812AE173AA00EAAD4D /* SaveButton.swift */,
			);
			path = Buttons;
			sourceTree = "<group>";
		};
		FBF25BBB2AE04BAC0075F8F8 /* Components */ = {
			isa = PBXGroup;
			children = (
				FB4E82192AD3579C002EAF42 /* GameView.swift */,
				FBF25BCD2AE094E50075F8F8 /* HUD */,
			);
			path = Components;
			sourceTree = "<group>";
		};
		FBF25BC52AE08C9E0075F8F8 /* Model */ = {
			isa = PBXGroup;
			children = (
				FBF25BC32AE08C840075F8F8 /* ConstructionData.swift */,
				FBF25BC62AE08CA70075F8F8 /* BlockModel.swift */,
			);
			path = Model;
			sourceTree = "<group>";
		};
		FBF25BCD2AE094E50075F8F8 /* HUD */ = {
			isa = PBXGroup;
			children = (
				FBB093A82ADB31CD006F7B9E /* HUDView.swift */,
				FBF25BCE2AE094F20075F8F8 /* Components */,
			);
			path = HUD;
			sourceTree = "<group>";
		};
		FBF25BCE2AE094F20075F8F8 /* Components */ = {
			isa = PBXGroup;
			children = (
				FBF25BCB2AE094B10075F8F8 /* ColorSelector.swift */,
				FB7EF4802AE1738500EAAD4D /* Buttons */,
			);
			path = Components;
			sourceTree = "<group>";
		};
		FBF25BD32AE0A37A0075F8F8 /* GameViewController */ = {
			isa = PBXGroup;
			children = (
				FBA6AF372AD4E4830052E517 /* GameViewController.swift */,
				FBF25BD12AE0A3630075F8F8 /* GameVC+GameActions.swift */,
				FBD6F1F62ADD968900F189EF /* GameVC+ARSCNOps.swift */,
			);
			path = GameViewController;
			sourceTree = "<group>";
		};
		FBF44B312AD582070081BCA8 /* View */ = {
			isa = PBXGroup;
			children = (
				FBF25BB92AE048D20075F8F8 /* AppStartView.swift */,
				FBF25BBC2AE04BE40075F8F8 /* UIPublisher.swift */,
				FBF25BBB2AE04BAC0075F8F8 /* Components */,
			);
			path = View;
			sourceTree = "<group>";
		};
		FBF44B322AD582250081BCA8 /* Database */ = {
			isa = PBXGroup;
			children = (
				FB0F6D2F2AE16CD200B2D0AF /* CDObjects */,
				FB27B65D2AD0D17900F90C2B /* ConstructionRepository.swift */,
				FB27B65F2AD0D17900F90C2B /* Blocks.xcdatamodeld */,
			);
			path = Database;
			sourceTree = "<group>";
		};
		FBF44B332AD5825D0081BCA8 /* AR */ = {
			isa = PBXGroup;
			children = (
				FBF25BD32AE0A37A0075F8F8 /* GameViewController */,
				FB4E82172AD356CA002EAF42 /* ARBlocksScene.swift */,
			);
			path = AR;
			sourceTree = "<group>";
		};
/* End PBXGroup section */

/* Begin PBXNativeTarget section */
		FB27B6502AD0D17800F90C2B /* Blocks */ = {
			isa = PBXNativeTarget;
			buildConfigurationList = FB27B6642AD0D17900F90C2B /* Build configuration list for PBXNativeTarget "Blocks" */;
			buildPhases = (
				FB27B64D2AD0D17800F90C2B /* Sources */,
				FB27B64E2AD0D17800F90C2B /* Frameworks */,
				FB27B64F2AD0D17800F90C2B /* Resources */,
			);
			buildRules = (
			);
			dependencies = (
			);
			name = Blocks;
			productName = Blocks;
			productReference = FB27B6512AD0D17800F90C2B /* Blocks.app */;
			productType = "com.apple.product-type.application";
		};
/* End PBXNativeTarget section */

/* Begin PBXProject section */
		FB27B6492AD0D17800F90C2B /* Project object */ = {
			isa = PBXProject;
			attributes = {
				BuildIndependentTargetsInParallel = 1;
				LastSwiftUpdateCheck = 1500;
				LastUpgradeCheck = 1500;
				TargetAttributes = {
					FB27B6502AD0D17800F90C2B = {
						CreatedOnToolsVersion = 15.0;
					};
				};
			};
			buildConfigurationList = FB27B64C2AD0D17800F90C2B /* Build configuration list for PBXProject "Blocks" */;
			compatibilityVersion = "Xcode 14.0";
			developmentRegion = en;
			hasScannedForEncodings = 0;
			knownRegions = (
				en,
				Base,
			);
			mainGroup = FB27B6482AD0D17800F90C2B;
			productRefGroup = FB27B6522AD0D17800F90C2B /* Products */;
			projectDirPath = "";
			projectRoot = "";
			targets = (
				FB27B6502AD0D17800F90C2B /* Blocks */,
			);
		};
/* End PBXProject section */

/* Begin PBXResourcesBuildPhase section */
		FB27B64F2AD0D17800F90C2B /* Resources */ = {
			isa = PBXResourcesBuildPhase;
			buildActionMask = 2147483647;
			files = (
				FB27B65C2AD0D17900F90C2B /* Preview Assets.xcassets in Resources */,
				FB27B6592AD0D17900F90C2B /* Assets.xcassets in Resources */,
			);
			runOnlyForDeploymentPostprocessing = 0;
		};
/* End PBXResourcesBuildPhase section */

/* Begin PBXSourcesBuildPhase section */
		FB27B64D2AD0D17800F90C2B /* Sources */ = {
			isa = PBXSourcesBuildPhase;
			buildActionMask = 2147483647;
			files = (
				FB0F6D262AE1641300B2D0AF /* BuildButton.swift in Sources */,
				FB0F6D242AE15DFA00B2D0AF /* SCNVector3+Equatable.swift in Sources */,
				FBF25BBD2AE04BE40075F8F8 /* UIPublisher.swift in Sources */,
				FBD6F1F72ADD968900F189EF /* GameVC+ARSCNOps.swift in Sources */,
				FB0F6D2B2AE16CC500B2D0AF /* CDBlock+CoreDataClass.swift in Sources */,
				FBF25BCC2AE094B10075F8F8 /* ColorSelector.swift in Sources */,
				FBF25BC42AE08C840075F8F8 /* ConstructionData.swift in Sources */,
				FBB093A92ADB31CD006F7B9E /* HUDView.swift in Sources */,
				FB0F6D2C2AE16CC500B2D0AF /* CDBlock+CoreDataProperties.swift in Sources */,
				FBF25BD22AE0A3630075F8F8 /* GameVC+GameActions.swift in Sources */,
				FBA6AF382AD4E4830052E517 /* GameViewController.swift in Sources */,
				FB0F6D222AE15BE100B2D0AF /* GameAction.swift in Sources */,
				FB27B65E2AD0D17900F90C2B /* ConstructionRepository.swift in Sources */,
				FB0F6D2D2AE16CC500B2D0AF /* CDConstruction+CoreDataClass.swift in Sources */,
				FBF25BC22AE0635C0075F8F8 /* BlockCreationOptions.swift in Sources */,
				FBB093AB2ADB32BD006F7B9E /* BlockColorOption.swift in Sources */,
				FB0F6D1E2AE15B6400B2D0AF /* SelectButton.swift in Sources */,
				FB27B6612AD0D17900F90C2B /* Blocks.xcdatamodeld in Sources */,
				FB4E821A2AD3579C002EAF42 /* GameView.swift in Sources */,
				FB4E82182AD356CA002EAF42 /* ARBlocksScene.swift in Sources */,
				FB27B6552AD0D17800F90C2B /* BlocksApp.swift in Sources */,
				FBF25BD72AE0AE900075F8F8 /* DeleteButton.swift in Sources */,
				FBF25BBA2AE048D20075F8F8 /* AppStartView.swift in Sources */,
				FB7EF4822AE173AA00EAAD4D /* SaveButton.swift in Sources */,
				FBF25BD02AE095180075F8F8 /* ColorSelectionButton.swift in Sources */,
				FBF25BC72AE08CA70075F8F8 /* BlockModel.swift in Sources */,
				FB0F6D2E2AE16CC500B2D0AF /* CDConstruction+CoreDataProperties.swift in Sources */,
			);
			runOnlyForDeploymentPostprocessing = 0;
		};
/* End PBXSourcesBuildPhase section */

/* Begin XCBuildConfiguration section */
		FB27B6622AD0D17900F90C2B /* Debug */ = {
			isa = XCBuildConfiguration;
			buildSettings = {
				ALWAYS_SEARCH_USER_PATHS = NO;
				ASSETCATALOG_COMPILER_GENERATE_SWIFT_ASSET_SYMBOL_EXTENSIONS = YES;
				CLANG_ANALYZER_NONNULL = YES;
				CLANG_ANALYZER_NUMBER_OBJECT_CONVERSION = YES_AGGRESSIVE;
				CLANG_CXX_LANGUAGE_STANDARD = "gnu++20";
				CLANG_ENABLE_MODULES = YES;
				CLANG_ENABLE_OBJC_ARC = YES;
				CLANG_ENABLE_OBJC_WEAK = YES;
				CLANG_WARN_BLOCK_CAPTURE_AUTORELEASING = YES;
				CLANG_WARN_BOOL_CONVERSION = YES;
				CLANG_WARN_COMMA = YES;
				CLANG_WARN_CONSTANT_CONVERSION = YES;
				CLANG_WARN_DEPRECATED_OBJC_IMPLEMENTATIONS = YES;
				CLANG_WARN_DIRECT_OBJC_ISA_USAGE = YES_ERROR;
				CLANG_WARN_DOCUMENTATION_COMMENTS = YES;
				CLANG_WARN_EMPTY_BODY = YES;
				CLANG_WARN_ENUM_CONVERSION = YES;
				CLANG_WARN_INFINITE_RECURSION = YES;
				CLANG_WARN_INT_CONVERSION = YES;
				CLANG_WARN_NON_LITERAL_NULL_CONVERSION = YES;
				CLANG_WARN_OBJC_IMPLICIT_RETAIN_SELF = YES;
				CLANG_WARN_OBJC_LITERAL_CONVERSION = YES;
				CLANG_WARN_OBJC_ROOT_CLASS = YES_ERROR;
				CLANG_WARN_QUOTED_INCLUDE_IN_FRAMEWORK_HEADER = YES;
				CLANG_WARN_RANGE_LOOP_ANALYSIS = YES;
				CLANG_WARN_STRICT_PROTOTYPES = YES;
				CLANG_WARN_SUSPICIOUS_MOVE = YES;
				CLANG_WARN_UNGUARDED_AVAILABILITY = YES_AGGRESSIVE;
				CLANG_WARN_UNREACHABLE_CODE = YES;
				CLANG_WARN__DUPLICATE_METHOD_MATCH = YES;
				COPY_PHASE_STRIP = NO;
				DEBUG_INFORMATION_FORMAT = dwarf;
				ENABLE_STRICT_OBJC_MSGSEND = YES;
				ENABLE_TESTABILITY = YES;
				ENABLE_USER_SCRIPT_SANDBOXING = YES;
				GCC_C_LANGUAGE_STANDARD = gnu17;
				GCC_DYNAMIC_NO_PIC = NO;
				GCC_NO_COMMON_BLOCKS = YES;
				GCC_OPTIMIZATION_LEVEL = 0;
				GCC_PREPROCESSOR_DEFINITIONS = (
					"DEBUG=1",
					"$(inherited)",
				);
				GCC_WARN_64_TO_32_BIT_CONVERSION = YES;
				GCC_WARN_ABOUT_RETURN_TYPE = YES_ERROR;
				GCC_WARN_UNDECLARED_SELECTOR = YES;
				GCC_WARN_UNINITIALIZED_AUTOS = YES_AGGRESSIVE;
				GCC_WARN_UNUSED_FUNCTION = YES;
				GCC_WARN_UNUSED_VARIABLE = YES;
				IPHONEOS_DEPLOYMENT_TARGET = 16.6;
				LOCALIZATION_PREFERS_STRING_CATALOGS = YES;
				MTL_ENABLE_DEBUG_INFO = INCLUDE_SOURCE;
				MTL_FAST_MATH = YES;
				ONLY_ACTIVE_ARCH = YES;
				SDKROOT = iphoneos;
				SWIFT_ACTIVE_COMPILATION_CONDITIONS = "DEBUG $(inherited)";
				SWIFT_OPTIMIZATION_LEVEL = "-Onone";
			};
			name = Debug;
		};
		FB27B6632AD0D17900F90C2B /* Release */ = {
			isa = XCBuildConfiguration;
			buildSettings = {
				ALWAYS_SEARCH_USER_PATHS = NO;
				ASSETCATALOG_COMPILER_GENERATE_SWIFT_ASSET_SYMBOL_EXTENSIONS = YES;
				CLANG_ANALYZER_NONNULL = YES;
				CLANG_ANALYZER_NUMBER_OBJECT_CONVERSION = YES_AGGRESSIVE;
				CLANG_CXX_LANGUAGE_STANDARD = "gnu++20";
				CLANG_ENABLE_MODULES = YES;
				CLANG_ENABLE_OBJC_ARC = YES;
				CLANG_ENABLE_OBJC_WEAK = YES;
				CLANG_WARN_BLOCK_CAPTURE_AUTORELEASING = YES;
				CLANG_WARN_BOOL_CONVERSION = YES;
				CLANG_WARN_COMMA = YES;
				CLANG_WARN_CONSTANT_CONVERSION = YES;
				CLANG_WARN_DEPRECATED_OBJC_IMPLEMENTATIONS = YES;
				CLANG_WARN_DIRECT_OBJC_ISA_USAGE = YES_ERROR;
				CLANG_WARN_DOCUMENTATION_COMMENTS = YES;
				CLANG_WARN_EMPTY_BODY = YES;
				CLANG_WARN_ENUM_CONVERSION = YES;
				CLANG_WARN_INFINITE_RECURSION = YES;
				CLANG_WARN_INT_CONVERSION = YES;
				CLANG_WARN_NON_LITERAL_NULL_CONVERSION = YES;
				CLANG_WARN_OBJC_IMPLICIT_RETAIN_SELF = YES;
				CLANG_WARN_OBJC_LITERAL_CONVERSION = YES;
				CLANG_WARN_OBJC_ROOT_CLASS = YES_ERROR;
				CLANG_WARN_QUOTED_INCLUDE_IN_FRAMEWORK_HEADER = YES;
				CLANG_WARN_RANGE_LOOP_ANALYSIS = YES;
				CLANG_WARN_STRICT_PROTOTYPES = YES;
				CLANG_WARN_SUSPICIOUS_MOVE = YES;
				CLANG_WARN_UNGUARDED_AVAILABILITY = YES_AGGRESSIVE;
				CLANG_WARN_UNREACHABLE_CODE = YES;
				CLANG_WARN__DUPLICATE_METHOD_MATCH = YES;
				COPY_PHASE_STRIP = NO;
				DEBUG_INFORMATION_FORMAT = "dwarf-with-dsym";
				ENABLE_NS_ASSERTIONS = NO;
				ENABLE_STRICT_OBJC_MSGSEND = YES;
				ENABLE_USER_SCRIPT_SANDBOXING = YES;
				GCC_C_LANGUAGE_STANDARD = gnu17;
				GCC_NO_COMMON_BLOCKS = YES;
				GCC_WARN_64_TO_32_BIT_CONVERSION = YES;
				GCC_WARN_ABOUT_RETURN_TYPE = YES_ERROR;
				GCC_WARN_UNDECLARED_SELECTOR = YES;
				GCC_WARN_UNINITIALIZED_AUTOS = YES_AGGRESSIVE;
				GCC_WARN_UNUSED_FUNCTION = YES;
				GCC_WARN_UNUSED_VARIABLE = YES;
				IPHONEOS_DEPLOYMENT_TARGET = 16.6;
				LOCALIZATION_PREFERS_STRING_CATALOGS = YES;
				MTL_ENABLE_DEBUG_INFO = NO;
				MTL_FAST_MATH = YES;
				SDKROOT = iphoneos;
				SWIFT_COMPILATION_MODE = wholemodule;
				VALIDATE_PRODUCT = YES;
			};
			name = Release;
		};
		FB27B6652AD0D17900F90C2B /* Debug */ = {
			isa = XCBuildConfiguration;
			buildSettings = {
				ASSETCATALOG_COMPILER_APPICON_NAME = AppIcon;
				ASSETCATALOG_COMPILER_GLOBAL_ACCENT_COLOR_NAME = AccentColor;
				CODE_SIGN_STYLE = Automatic;
				CURRENT_PROJECT_VERSION = 1;
				DEVELOPMENT_ASSET_PATHS = "\"Blocks/Preview Content\"";
				DEVELOPMENT_TEAM = Y7F52ZVSDT;
				ENABLE_PREVIEWS = YES;
				GENERATE_INFOPLIST_FILE = YES;
				INFOPLIST_KEY_NSCameraUsageDescription = " Camera needed for augmented reality";
				INFOPLIST_KEY_UIApplicationSceneManifest_Generation = YES;
				INFOPLIST_KEY_UIApplicationSupportsIndirectInputEvents = YES;
				INFOPLIST_KEY_UILaunchScreen_Generation = YES;
				INFOPLIST_KEY_UISupportedInterfaceOrientations_iPad = "UIInterfaceOrientationPortrait UIInterfaceOrientationPortraitUpsideDown UIInterfaceOrientationLandscapeLeft UIInterfaceOrientationLandscapeRight";
				INFOPLIST_KEY_UISupportedInterfaceOrientations_iPhone = "UIInterfaceOrientationPortrait UIInterfaceOrientationLandscapeLeft UIInterfaceOrientationLandscapeRight";
				LD_RUNPATH_SEARCH_PATHS = (
					"$(inherited)",
					"@executable_path/Frameworks",
				);
				MARKETING_VERSION = 1.0;
				PRODUCT_BUNDLE_IDENTIFIER = com.dantas.Blocks;
				PRODUCT_NAME = "$(TARGET_NAME)";
				SWIFT_EMIT_LOC_STRINGS = YES;
				SWIFT_VERSION = 5.0;
				TARGETED_DEVICE_FAMILY = "1,2";
			};
			name = Debug;
		};
		FB27B6662AD0D17900F90C2B /* Release */ = {
			isa = XCBuildConfiguration;
			buildSettings = {
				ASSETCATALOG_COMPILER_APPICON_NAME = AppIcon;
				ASSETCATALOG_COMPILER_GLOBAL_ACCENT_COLOR_NAME = AccentColor;
				CODE_SIGN_STYLE = Automatic;
				CURRENT_PROJECT_VERSION = 1;
				DEVELOPMENT_ASSET_PATHS = "\"Blocks/Preview Content\"";
				DEVELOPMENT_TEAM = Y7F52ZVSDT;
				ENABLE_PREVIEWS = YES;
				GENERATE_INFOPLIST_FILE = YES;
				INFOPLIST_KEY_NSCameraUsageDescription = " Camera needed for augmented reality";
				INFOPLIST_KEY_UIApplicationSceneManifest_Generation = YES;
				INFOPLIST_KEY_UIApplicationSupportsIndirectInputEvents = YES;
				INFOPLIST_KEY_UILaunchScreen_Generation = YES;
				INFOPLIST_KEY_UISupportedInterfaceOrientations_iPad = "UIInterfaceOrientationPortrait UIInterfaceOrientationPortraitUpsideDown UIInterfaceOrientationLandscapeLeft UIInterfaceOrientationLandscapeRight";
				INFOPLIST_KEY_UISupportedInterfaceOrientations_iPhone = "UIInterfaceOrientationPortrait UIInterfaceOrientationLandscapeLeft UIInterfaceOrientationLandscapeRight";
				LD_RUNPATH_SEARCH_PATHS = (
					"$(inherited)",
					"@executable_path/Frameworks",
				);
				MARKETING_VERSION = 1.0;
				PRODUCT_BUNDLE_IDENTIFIER = com.dantas.Blocks;
				PRODUCT_NAME = "$(TARGET_NAME)";
				SWIFT_EMIT_LOC_STRINGS = YES;
				SWIFT_VERSION = 5.0;
				TARGETED_DEVICE_FAMILY = "1,2";
			};
			name = Release;
		};
/* End XCBuildConfiguration section */

/* Begin XCConfigurationList section */
		FB27B64C2AD0D17800F90C2B /* Build configuration list for PBXProject "Blocks" */ = {
			isa = XCConfigurationList;
			buildConfigurations = (
				FB27B6622AD0D17900F90C2B /* Debug */,
				FB27B6632AD0D17900F90C2B /* Release */,
			);
			defaultConfigurationIsVisible = 0;
			defaultConfigurationName = Release;
		};
		FB27B6642AD0D17900F90C2B /* Build configuration list for PBXNativeTarget "Blocks" */ = {
			isa = XCConfigurationList;
			buildConfigurations = (
				FB27B6652AD0D17900F90C2B /* Debug */,
				FB27B6662AD0D17900F90C2B /* Release */,
			);
			defaultConfigurationIsVisible = 0;
			defaultConfigurationName = Release;
		};
/* End XCConfigurationList section */

/* Begin XCVersionGroup section */
		FB27B65F2AD0D17900F90C2B /* Blocks.xcdatamodeld */ = {
			isa = XCVersionGroup;
			children = (
				FB27B6602AD0D17900F90C2B /* Blocks.xcdatamodel */,
			);
			currentVersion = FB27B6602AD0D17900F90C2B /* Blocks.xcdatamodel */;
			path = Blocks.xcdatamodeld;
			sourceTree = "<group>";
			versionGroupType = wrapper.xcdatamodel;
		};
/* End XCVersionGroup section */
	};
	rootObject = FB27B6492AD0D17800F90C2B /* Project object */;
}
